// !$*UTF8*$!
{
	archiveVersion = 1;
	classes = {
	};
	objectVersion = 46;
	objects = {

/* Begin PBXBuildFile section */
		3426FF931BB6AEE200E8E1BB /* SampleTests.swift in Sources */ = {isa = PBXBuildFile; fileRef = 3426FF921BB6AEE200E8E1BB /* SampleTests.swift */; };
		3426FF9B1BB6AF5D00E8E1BB /* Localizable.strings in Resources */ = {isa = PBXBuildFile; fileRef = 34346D2F1B72983C0063FED4 /* Localizable.strings */; };
		342B3BE21DDAEA4600F6D25D /* Localize_Swift.framework in Frameworks */ = {isa = PBXBuildFile; fileRef = 342B3BD31DDAEA2D00F6D25D /* Localize_Swift.framework */; };
		342B3BE31DDAEA4600F6D25D /* Localize_Swift.framework in Embed Frameworks */ = {isa = PBXBuildFile; fileRef = 342B3BD31DDAEA2D00F6D25D /* Localize_Swift.framework */; settings = {ATTRIBUTES = (CodeSignOnCopy, RemoveHeadersOnCopy, ); }; };
		34346D031B7294470063FED4 /* AppDelegate.swift in Sources */ = {isa = PBXBuildFile; fileRef = 34346D021B7294470063FED4 /* AppDelegate.swift */; };
		34346D051B7294470063FED4 /* ViewController.swift in Sources */ = {isa = PBXBuildFile; fileRef = 34346D041B7294470063FED4 /* ViewController.swift */; };
		34346D081B7294470063FED4 /* Main.storyboard in Resources */ = {isa = PBXBuildFile; fileRef = 34346D061B7294470063FED4 /* Main.storyboard */; };
		34346D0A1B7294470063FED4 /* Images.xcassets in Resources */ = {isa = PBXBuildFile; fileRef = 34346D091B7294470063FED4 /* Images.xcassets */; };
		34346D0D1B7294470063FED4 /* LaunchScreen.xib in Resources */ = {isa = PBXBuildFile; fileRef = 34346D0B1B7294470063FED4 /* LaunchScreen.xib */; };
		34346D2C1B72983C0063FED4 /* Localizable.strings in Resources */ = {isa = PBXBuildFile; fileRef = 34346D2F1B72983C0063FED4 /* Localizable.strings */; };
		68A5200A1DA6D98000F43D9E /* ButtonTitles.strings in Resources */ = {isa = PBXBuildFile; fileRef = 68A5200C1DA6D98000F43D9E /* ButtonTitles.strings */; };
		68A520181DA6DC0200F43D9E /* ButtonTitles.strings in Resources */ = {isa = PBXBuildFile; fileRef = 68A5200C1DA6D98000F43D9E /* ButtonTitles.strings */; };
/* End PBXBuildFile section */

/* Begin PBXContainerItemProxy section */
		3426FF951BB6AEE200E8E1BB /* PBXContainerItemProxy */ = {
			isa = PBXContainerItemProxy;
			containerPortal = 34346CF51B7294470063FED4 /* Project object */;
			proxyType = 1;
			remoteGlobalIDString = 34346CFC1B7294470063FED4;
			remoteInfo = Sample;
		};
		342B3BD21DDAEA2D00F6D25D /* PBXContainerItemProxy */ = {
			isa = PBXContainerItemProxy;
			containerPortal = 342B3BCA1DDAEA2D00F6D25D /* Localize_Swift.xcodeproj */;
			proxyType = 2;
			remoteGlobalIDString = 3433F2361C518AF7003AE34D;
			remoteInfo = Localize_Swift;
		};
		342B3BD41DDAEA2D00F6D25D /* PBXContainerItemProxy */ = {
			isa = PBXContainerItemProxy;
			containerPortal = 342B3BCA1DDAEA2D00F6D25D /* Localize_Swift.xcodeproj */;
			proxyType = 2;
			remoteGlobalIDString = 3433F2401C518AF7003AE34D;
			remoteInfo = Localize_SwiftTests;
		};
		342B3BD61DDAEA2D00F6D25D /* PBXContainerItemProxy */ = {
			isa = PBXContainerItemProxy;
			containerPortal = 342B3BCA1DDAEA2D00F6D25D /* Localize_Swift.xcodeproj */;
			proxyType = 2;
			remoteGlobalIDString = 343A6DDB1D1529560081AA37;
			remoteInfo = "Localize_Swift OSX";
		};
		342B3BD81DDAEA2D00F6D25D /* PBXContainerItemProxy */ = {
			isa = PBXContainerItemProxy;
			containerPortal = 342B3BCA1DDAEA2D00F6D25D /* Localize_Swift.xcodeproj */;
			proxyType = 2;
			remoteGlobalIDString = 343A6DE81D152B1B0081AA37;
			remoteInfo = "Localize_Swift tvOS";
		};
		342B3BDA1DDAEA2D00F6D25D /* PBXContainerItemProxy */ = {
			isa = PBXContainerItemProxy;
			containerPortal = 342B3BCA1DDAEA2D00F6D25D /* Localize_Swift.xcodeproj */;
			proxyType = 2;
			remoteGlobalIDString = 343A6DF51D152E5A0081AA37;
			remoteInfo = "Localize_Swift watchOS";
		};
		342B3BE41DDAEA4600F6D25D /* PBXContainerItemProxy */ = {
			isa = PBXContainerItemProxy;
			containerPortal = 342B3BCA1DDAEA2D00F6D25D /* Localize_Swift.xcodeproj */;
			proxyType = 1;
			remoteGlobalIDString = 3433F2351C518AF7003AE34D;
			remoteInfo = Localize_Swift;
		};
/* End PBXContainerItemProxy section */

/* Begin PBXCopyFilesBuildPhase section */
		342B3BE61DDAEA4700F6D25D /* Embed Frameworks */ = {
			isa = PBXCopyFilesBuildPhase;
			buildActionMask = 2147483647;
			dstPath = "";
			dstSubfolderSpec = 10;
			files = (
				342B3BE31DDAEA4600F6D25D /* Localize_Swift.framework in Embed Frameworks */,
			);
			name = "Embed Frameworks";
			runOnlyForDeploymentPostprocessing = 0;
		};
/* End PBXCopyFilesBuildPhase section */

/* Begin PBXFileReference section */
		20D57BE01DC0AF00001BA2F9 /* zh-Hant */ = {isa = PBXFileReference; lastKnownFileType = text.plist.strings; name = "zh-Hant"; path = "zh-Hant.lproj/Localizable.strings"; sourceTree = "<group>"; };
		333B3261F84DF59D1EBBD7A4 /* Pods_Sample.framework */ = {isa = PBXFileReference; explicitFileType = wrapper.framework; includeInIndex = 0; path = Pods_Sample.framework; sourceTree = BUILT_PRODUCTS_DIR; };
		3426FF901BB6AEE200E8E1BB /* SampleTests.xctest */ = {isa = PBXFileReference; explicitFileType = wrapper.cfbundle; includeInIndex = 0; path = SampleTests.xctest; sourceTree = BUILT_PRODUCTS_DIR; };
		3426FF921BB6AEE200E8E1BB /* SampleTests.swift */ = {isa = PBXFileReference; indentWidth = 4; lastKnownFileType = sourcecode.swift; path = SampleTests.swift; sourceTree = "<group>"; tabWidth = 4; usesTabs = 0; };
		3426FF941BB6AEE200E8E1BB /* Info.plist */ = {isa = PBXFileReference; lastKnownFileType = text.plist.xml; path = Info.plist; sourceTree = "<group>"; };
		342B3BCA1DDAEA2D00F6D25D /* Localize_Swift.xcodeproj */ = {isa = PBXFileReference; lastKnownFileType = "wrapper.pb-project"; name = Localize_Swift.xcodeproj; path = ../../Localize_Swift.xcodeproj; sourceTree = "<group>"; };
		34346CFD1B7294470063FED4 /* Sample.app */ = {isa = PBXFileReference; explicitFileType = wrapper.application; includeInIndex = 0; path = Sample.app; sourceTree = BUILT_PRODUCTS_DIR; };
		34346D011B7294470063FED4 /* Info.plist */ = {isa = PBXFileReference; lastKnownFileType = text.plist.xml; path = Info.plist; sourceTree = "<group>"; };
		34346D021B7294470063FED4 /* AppDelegate.swift */ = {isa = PBXFileReference; lastKnownFileType = sourcecode.swift; path = AppDelegate.swift; sourceTree = "<group>"; };
		34346D041B7294470063FED4 /* ViewController.swift */ = {isa = PBXFileReference; lastKnownFileType = sourcecode.swift; path = ViewController.swift; sourceTree = "<group>"; };
		34346D091B7294470063FED4 /* Images.xcassets */ = {isa = PBXFileReference; lastKnownFileType = folder.assetcatalog; path = Images.xcassets; sourceTree = "<group>"; };
		34346D261B72976A0063FED4 /* en */ = {isa = PBXFileReference; lastKnownFileType = file.storyboard; name = en; path = en.lproj/Main.storyboard; sourceTree = "<group>"; };
		34346D271B72976A0063FED4 /* en */ = {isa = PBXFileReference; lastKnownFileType = file.xib; name = en; path = en.lproj/LaunchScreen.xib; sourceTree = "<group>"; };
		34346D2E1B72983C0063FED4 /* en */ = {isa = PBXFileReference; lastKnownFileType = text.plist.strings; name = en; path = en.lproj/Localizable.strings; sourceTree = "<group>"; };
		34346D301B7298A80063FED4 /* fr */ = {isa = PBXFileReference; lastKnownFileType = text.plist.strings; name = fr; path = fr.lproj/Localizable.strings; sourceTree = "<group>"; };
		34346D311B7298AF0063FED4 /* de */ = {isa = PBXFileReference; lastKnownFileType = text.plist.strings; name = de; path = de.lproj/Localizable.strings; sourceTree = "<group>"; };
		34346D321B7298B70063FED4 /* es */ = {isa = PBXFileReference; lastKnownFileType = text.plist.strings; name = es; path = es.lproj/Localizable.strings; sourceTree = "<group>"; };
		34346D331B7298BD0063FED4 /* it */ = {isa = PBXFileReference; lastKnownFileType = text.plist.strings; name = it; path = it.lproj/Localizable.strings; sourceTree = "<group>"; };
		34346D341B7298C60063FED4 /* ja */ = {isa = PBXFileReference; lastKnownFileType = text.plist.strings; name = ja; path = ja.lproj/Localizable.strings; sourceTree = "<group>"; };
		34346D351B7298DD0063FED4 /* zh-Hans */ = {isa = PBXFileReference; lastKnownFileType = text.plist.strings; name = "zh-Hans"; path = "zh-Hans.lproj/Localizable.strings"; sourceTree = "<group>"; };
		34346D361B7298E80063FED4 /* he */ = {isa = PBXFileReference; lastKnownFileType = text.plist.strings; name = he; path = he.lproj/Localizable.strings; sourceTree = "<group>"; };
		68A5200B1DA6D98000F43D9E /* en */ = {isa = PBXFileReference; lastKnownFileType = text.plist.strings; name = en; path = en.lproj/ButtonTitles.strings; sourceTree = "<group>"; };
		68A520111DA6DA3400F43D9E /* fr */ = {isa = PBXFileReference; lastKnownFileType = text.plist.strings; name = fr; path = fr.lproj/ButtonTitles.strings; sourceTree = "<group>"; };
		68A520121DA6DA4100F43D9E /* de */ = {isa = PBXFileReference; lastKnownFileType = text.plist.strings; name = de; path = de.lproj/ButtonTitles.strings; sourceTree = "<group>"; };
		68A520131DA6DA5A00F43D9E /* es */ = {isa = PBXFileReference; lastKnownFileType = text.plist.strings; name = es; path = es.lproj/ButtonTitles.strings; sourceTree = "<group>"; };
		68A520141DA6DA6C00F43D9E /* it */ = {isa = PBXFileReference; lastKnownFileType = text.plist.strings; name = it; path = it.lproj/ButtonTitles.strings; sourceTree = "<group>"; };
		68A520151DA6DA7A00F43D9E /* ja */ = {isa = PBXFileReference; lastKnownFileType = text.plist.strings; name = ja; path = ja.lproj/ButtonTitles.strings; sourceTree = "<group>"; };
		68A520161DA6DA8900F43D9E /* zh-Hans */ = {isa = PBXFileReference; lastKnownFileType = text.plist.strings; name = "zh-Hans"; path = "zh-Hans.lproj/ButtonTitles.strings"; sourceTree = "<group>"; };
		68A520171DA6DA9600F43D9E /* he */ = {isa = PBXFileReference; lastKnownFileType = text.plist.strings; name = he; path = he.lproj/ButtonTitles.strings; sourceTree = "<group>"; };
		B823A35026E31B4C36949480 /* Pods_SampleTests.framework */ = {isa = PBXFileReference; explicitFileType = wrapper.framework; includeInIndex = 0; path = Pods_SampleTests.framework; sourceTree = BUILT_PRODUCTS_DIR; };
/* End PBXFileReference section */

/* Begin PBXFrameworksBuildPhase section */
		3426FF8D1BB6AEE200E8E1BB /* Frameworks */ = {
			isa = PBXFrameworksBuildPhase;
			buildActionMask = 2147483647;
			files = (
			);
			runOnlyForDeploymentPostprocessing = 0;
		};
		34346CFA1B7294470063FED4 /* Frameworks */ = {
			isa = PBXFrameworksBuildPhase;
			buildActionMask = 2147483647;
			files = (
				342B3BE21DDAEA4600F6D25D /* Localize_Swift.framework in Frameworks */,
			);
			runOnlyForDeploymentPostprocessing = 0;
		};
/* End PBXFrameworksBuildPhase section */

/* Begin PBXGroup section */
		1296D3EDC6FA72EB325EB960 /* Frameworks */ = {
			isa = PBXGroup;
			children = (
				333B3261F84DF59D1EBBD7A4 /* Pods_Sample.framework */,
				B823A35026E31B4C36949480 /* Pods_SampleTests.framework */,
			);
			name = Frameworks;
			sourceTree = "<group>";
		};
		3426FF911BB6AEE200E8E1BB /* SampleTests */ = {
			isa = PBXGroup;
			children = (
				3426FF921BB6AEE200E8E1BB /* SampleTests.swift */,
				3426FF941BB6AEE200E8E1BB /* Info.plist */,
			);
			path = SampleTests;
			sourceTree = "<group>";
		};
		342B3BCB1DDAEA2D00F6D25D /* Products */ = {
			isa = PBXGroup;
			children = (
				342B3BD31DDAEA2D00F6D25D /* Localize_Swift.framework */,
				342B3BD51DDAEA2D00F6D25D /* Localize_SwiftTests.xctest */,
				342B3BD71DDAEA2D00F6D25D /* Localize_Swift.framework */,
				342B3BD91DDAEA2D00F6D25D /* Localize_Swift.framework */,
				342B3BDB1DDAEA2D00F6D25D /* Localize_Swift.framework */,
			);
			name = Products;
			sourceTree = "<group>";
		};
		34346CF41B7294470063FED4 = {
			isa = PBXGroup;
			children = (
				342B3BCA1DDAEA2D00F6D25D /* Localize_Swift.xcodeproj */,
				34346CFF1B7294470063FED4 /* Sample */,
				3426FF911BB6AEE200E8E1BB /* SampleTests */,
				34346CFE1B7294470063FED4 /* Products */,
				1296D3EDC6FA72EB325EB960 /* Frameworks */,
			);
			sourceTree = "<group>";
		};
		34346CFE1B7294470063FED4 /* Products */ = {
			isa = PBXGroup;
			children = (
				34346CFD1B7294470063FED4 /* Sample.app */,
				3426FF901BB6AEE200E8E1BB /* SampleTests.xctest */,
			);
			name = Products;
			sourceTree = "<group>";
		};
		34346CFF1B7294470063FED4 /* Sample */ = {
			isa = PBXGroup;
			children = (
				34346D021B7294470063FED4 /* AppDelegate.swift */,
				34346D041B7294470063FED4 /* ViewController.swift */,
				34346D061B7294470063FED4 /* Main.storyboard */,
				34346D091B7294470063FED4 /* Images.xcassets */,
				34346D0B1B7294470063FED4 /* LaunchScreen.xib */,
				34346D281B7297820063FED4 /* Resources */,
				34346D001B7294470063FED4 /* Supporting Files */,
			);
			path = Sample;
			sourceTree = "<group>";
		};
		34346D001B7294470063FED4 /* Supporting Files */ = {
			isa = PBXGroup;
			children = (
				34346D011B7294470063FED4 /* Info.plist */,
			);
			name = "Supporting Files";
			sourceTree = "<group>";
		};
		34346D281B7297820063FED4 /* Resources */ = {
			isa = PBXGroup;
			children = (
				68A5200C1DA6D98000F43D9E /* ButtonTitles.strings */,
				34346D2F1B72983C0063FED4 /* Localizable.strings */,
			);
			name = Resources;
			sourceTree = "<group>";
		};
/* End PBXGroup section */

/* Begin PBXNativeTarget section */
		3426FF8F1BB6AEE200E8E1BB /* SampleTests */ = {
			isa = PBXNativeTarget;
			buildConfigurationList = 3426FF971BB6AEE200E8E1BB /* Build configuration list for PBXNativeTarget "SampleTests" */;
			buildPhases = (
				3426FF8C1BB6AEE200E8E1BB /* Sources */,
				3426FF8D1BB6AEE200E8E1BB /* Frameworks */,
				3426FF8E1BB6AEE200E8E1BB /* Resources */,
			);
			buildRules = (
			);
			dependencies = (
				3426FF961BB6AEE200E8E1BB /* PBXTargetDependency */,
			);
			name = SampleTests;
			productName = SampleTests;
			productReference = 3426FF901BB6AEE200E8E1BB /* SampleTests.xctest */;
			productType = "com.apple.product-type.bundle.unit-test";
		};
		34346CFC1B7294470063FED4 /* Sample */ = {
			isa = PBXNativeTarget;
			buildConfigurationList = 34346D1C1B7294470063FED4 /* Build configuration list for PBXNativeTarget "Sample" */;
			buildPhases = (
				34346CF91B7294470063FED4 /* Sources */,
				34346CFA1B7294470063FED4 /* Frameworks */,
				34346CFB1B7294470063FED4 /* Resources */,
				342B3BE61DDAEA4700F6D25D /* Embed Frameworks */,
			);
			buildRules = (
			);
			dependencies = (
				342B3BE51DDAEA4600F6D25D /* PBXTargetDependency */,
			);
			name = Sample;
			productName = Sample;
			productReference = 34346CFD1B7294470063FED4 /* Sample.app */;
			productType = "com.apple.product-type.application";
		};
/* End PBXNativeTarget section */

/* Begin PBXProject section */
		34346CF51B7294470063FED4 /* Project object */ = {
			isa = PBXProject;
			attributes = {
				LastSwiftMigration = 0700;
				LastSwiftUpdateCheck = 0700;
				LastUpgradeCheck = 0800;
				ORGANIZATIONNAME = "Roy Marmelstein";
				TargetAttributes = {
					3426FF8F1BB6AEE200E8E1BB = {
						CreatedOnToolsVersion = 7.0;
						LastSwiftMigration = 0800;
						TestTargetID = 34346CFC1B7294470063FED4;
					};
					34346CFC1B7294470063FED4 = {
						CreatedOnToolsVersion = 6.4;
						LastSwiftMigration = 0800;
					};
				};
			};
			buildConfigurationList = 34346CF81B7294470063FED4 /* Build configuration list for PBXProject "Sample" */;
			compatibilityVersion = "Xcode 3.2";
			developmentRegion = English;
			hasScannedForEncodings = 0;
			knownRegions = (
				en,
				fr,
				de,
				es,
				it,
				ja,
				"zh-Hans",
				he,
				"zh-Hant",
			);
			mainGroup = 34346CF41B7294470063FED4;
			productRefGroup = 34346CFE1B7294470063FED4 /* Products */;
			projectDirPath = "";
			projectReferences = (
				{
					ProductGroup = 342B3BCB1DDAEA2D00F6D25D /* Products */;
					ProjectRef = 342B3BCA1DDAEA2D00F6D25D /* Localize_Swift.xcodeproj */;
				},
			);
			projectRoot = "";
			targets = (
				34346CFC1B7294470063FED4 /* Sample */,
				3426FF8F1BB6AEE200E8E1BB /* SampleTests */,
			);
		};
/* End PBXProject section */

/* Begin PBXReferenceProxy section */
		342B3BD31DDAEA2D00F6D25D /* Localize_Swift.framework */ = {
			isa = PBXReferenceProxy;
			fileType = wrapper.framework;
			path = Localize_Swift.framework;
			remoteRef = 342B3BD21DDAEA2D00F6D25D /* PBXContainerItemProxy */;
			sourceTree = BUILT_PRODUCTS_DIR;
		};
		342B3BD51DDAEA2D00F6D25D /* Localize_SwiftTests.xctest */ = {
			isa = PBXReferenceProxy;
			fileType = wrapper.cfbundle;
			path = Localize_SwiftTests.xctest;
			remoteRef = 342B3BD41DDAEA2D00F6D25D /* PBXContainerItemProxy */;
			sourceTree = BUILT_PRODUCTS_DIR;
		};
		342B3BD71DDAEA2D00F6D25D /* Localize_Swift.framework */ = {
			isa = PBXReferenceProxy;
			fileType = wrapper.framework;
			path = Localize_Swift.framework;
			remoteRef = 342B3BD61DDAEA2D00F6D25D /* PBXContainerItemProxy */;
			sourceTree = BUILT_PRODUCTS_DIR;
		};
		342B3BD91DDAEA2D00F6D25D /* Localize_Swift.framework */ = {
			isa = PBXReferenceProxy;
			fileType = wrapper.framework;
			path = Localize_Swift.framework;
			remoteRef = 342B3BD81DDAEA2D00F6D25D /* PBXContainerItemProxy */;
			sourceTree = BUILT_PRODUCTS_DIR;
		};
		342B3BDB1DDAEA2D00F6D25D /* Localize_Swift.framework */ = {
			isa = PBXReferenceProxy;
			fileType = wrapper.framework;
			path = Localize_Swift.framework;
			remoteRef = 342B3BDA1DDAEA2D00F6D25D /* PBXContainerItemProxy */;
			sourceTree = BUILT_PRODUCTS_DIR;
		};
/* End PBXReferenceProxy section */

/* Begin PBXResourcesBuildPhase section */
		3426FF8E1BB6AEE200E8E1BB /* Resources */ = {
			isa = PBXResourcesBuildPhase;
			buildActionMask = 2147483647;
			files = (
				3426FF9B1BB6AF5D00E8E1BB /* Localizable.strings in Resources */,
				68A520181DA6DC0200F43D9E /* ButtonTitles.strings in Resources */,
			);
			runOnlyForDeploymentPostprocessing = 0;
		};
		34346CFB1B7294470063FED4 /* Resources */ = {
			isa = PBXResourcesBuildPhase;
			buildActionMask = 2147483647;
			files = (
				34346D081B7294470063FED4 /* Main.storyboard in Resources */,
				34346D2C1B72983C0063FED4 /* Localizable.strings in Resources */,
				68A5200A1DA6D98000F43D9E /* ButtonTitles.strings in Resources */,
				34346D0D1B7294470063FED4 /* LaunchScreen.xib in Resources */,
				34346D0A1B7294470063FED4 /* Images.xcassets in Resources */,
			);
			runOnlyForDeploymentPostprocessing = 0;
		};
/* End PBXResourcesBuildPhase section */

/* Begin PBXSourcesBuildPhase section */
		3426FF8C1BB6AEE200E8E1BB /* Sources */ = {
			isa = PBXSourcesBuildPhase;
			buildActionMask = 2147483647;
			files = (
				3426FF931BB6AEE200E8E1BB /* SampleTests.swift in Sources */,
			);
			runOnlyForDeploymentPostprocessing = 0;
		};
		34346CF91B7294470063FED4 /* Sources */ = {
			isa = PBXSourcesBuildPhase;
			buildActionMask = 2147483647;
			files = (
				34346D051B7294470063FED4 /* ViewController.swift in Sources */,
				34346D031B7294470063FED4 /* AppDelegate.swift in Sources */,
			);
			runOnlyForDeploymentPostprocessing = 0;
		};
/* End PBXSourcesBuildPhase section */

/* Begin PBXTargetDependency section */
		3426FF961BB6AEE200E8E1BB /* PBXTargetDependency */ = {
			isa = PBXTargetDependency;
			target = 34346CFC1B7294470063FED4 /* Sample */;
			targetProxy = 3426FF951BB6AEE200E8E1BB /* PBXContainerItemProxy */;
		};
		342B3BE51DDAEA4600F6D25D /* PBXTargetDependency */ = {
			isa = PBXTargetDependency;
			name = Localize_Swift;
			targetProxy = 342B3BE41DDAEA4600F6D25D /* PBXContainerItemProxy */;
		};
/* End PBXTargetDependency section */

/* Begin PBXVariantGroup section */
		34346D061B7294470063FED4 /* Main.storyboard */ = {
			isa = PBXVariantGroup;
			children = (
				34346D261B72976A0063FED4 /* en */,
			);
			name = Main.storyboard;
			sourceTree = "<group>";
		};
		34346D0B1B7294470063FED4 /* LaunchScreen.xib */ = {
			isa = PBXVariantGroup;
			children = (
				34346D271B72976A0063FED4 /* en */,
			);
			name = LaunchScreen.xib;
			sourceTree = "<group>";
		};
		34346D2F1B72983C0063FED4 /* Localizable.strings */ = {
			isa = PBXVariantGroup;
			children = (
				34346D2E1B72983C0063FED4 /* en */,
				34346D301B7298A80063FED4 /* fr */,
				34346D311B7298AF0063FED4 /* de */,
				34346D321B7298B70063FED4 /* es */,
				34346D331B7298BD0063FED4 /* it */,
				34346D341B7298C60063FED4 /* ja */,
				34346D351B7298DD0063FED4 /* zh-Hans */,
				34346D361B7298E80063FED4 /* he */,
				20D57BE01DC0AF00001BA2F9 /* zh-Hant */,
			);
			name = Localizable.strings;
			sourceTree = "<group>";
		};
		68A5200C1DA6D98000F43D9E /* ButtonTitles.strings */ = {
			isa = PBXVariantGroup;
			children = (
				68A5200B1DA6D98000F43D9E /* en */,
				68A520111DA6DA3400F43D9E /* fr */,
				68A520121DA6DA4100F43D9E /* de */,
				68A520131DA6DA5A00F43D9E /* es */,
				68A520141DA6DA6C00F43D9E /* it */,
				68A520151DA6DA7A00F43D9E /* ja */,
				68A520161DA6DA8900F43D9E /* zh-Hans */,
				68A520171DA6DA9600F43D9E /* he */,
			);
			name = ButtonTitles.strings;
			sourceTree = "<group>";
		};
/* End PBXVariantGroup section */

/* Begin XCBuildConfiguration section */
		3426FF981BB6AEE200E8E1BB /* Debug */ = {
			isa = XCBuildConfiguration;
			buildSettings = {
				BUNDLE_LOADER = "$(TEST_HOST)";
				DEBUG_INFORMATION_FORMAT = dwarf;
				FRAMEWORK_SEARCH_PATHS = "$(inherited)";
				INFOPLIST_FILE = SampleTests/Info.plist;
				IPHONEOS_DEPLOYMENT_TARGET = 9.0;
				LD_RUNPATH_SEARCH_PATHS = "$(inherited) @executable_path/Frameworks @loader_path/Frameworks";
				PRODUCT_BUNDLE_IDENTIFIER = com.roymarmelstein.SampleTests;
				PRODUCT_NAME = "$(TARGET_NAME)";
				SWIFT_VERSION = 3.0;
				TEST_HOST = "$(BUILT_PRODUCTS_DIR)/Sample.app/Sample";
			};
			name = Debug;
		};
		3426FF991BB6AEE200E8E1BB /* Release */ = {
			isa = XCBuildConfiguration;
			buildSettings = {
				BUNDLE_LOADER = "$(TEST_HOST)";
				FRAMEWORK_SEARCH_PATHS = "$(inherited)";
				INFOPLIST_FILE = SampleTests/Info.plist;
				IPHONEOS_DEPLOYMENT_TARGET = 9.0;
				LD_RUNPATH_SEARCH_PATHS = "$(inherited) @executable_path/Frameworks @loader_path/Frameworks";
				PRODUCT_BUNDLE_IDENTIFIER = com.roymarmelstein.SampleTests;
				PRODUCT_NAME = "$(TARGET_NAME)";
				SWIFT_VERSION = 3.0;
				TEST_HOST = "$(BUILT_PRODUCTS_DIR)/Sample.app/Sample";
			};
			name = Release;
		};
		34346D1A1B7294470063FED4 /* Debug */ = {
			isa = XCBuildConfiguration;
			buildSettings = {
				ALWAYS_SEARCH_USER_PATHS = NO;
				CLANG_ANALYZER_LOCALIZABILITY_NONLOCALIZED = YES;
				CLANG_CXX_LANGUAGE_STANDARD = "gnu++0x";
				CLANG_CXX_LIBRARY = "libc++";
				CLANG_ENABLE_MODULES = YES;
				CLANG_ENABLE_OBJC_ARC = YES;
				CLANG_WARN_BOOL_CONVERSION = YES;
				CLANG_WARN_CONSTANT_CONVERSION = YES;
				CLANG_WARN_DIRECT_OBJC_ISA_USAGE = YES_ERROR;
				CLANG_WARN_EMPTY_BODY = YES;
				CLANG_WARN_ENUM_CONVERSION = YES;
				CLANG_WARN_INFINITE_RECURSION = YES;
				CLANG_WARN_INT_CONVERSION = YES;
				CLANG_WARN_OBJC_ROOT_CLASS = YES_ERROR;
				CLANG_WARN_SUSPICIOUS_MOVE = YES;
				CLANG_WARN_UNREACHABLE_CODE = YES;
				CLANG_WARN__DUPLICATE_METHOD_MATCH = YES;
				"CODE_SIGN_IDENTITY[sdk=iphoneos*]" = "iPhone Developer";
				COPY_PHASE_STRIP = NO;
				DEBUG_INFORMATION_FORMAT = "dwarf-with-dsym";
				ENABLE_STRICT_OBJC_MSGSEND = YES;
				ENABLE_TESTABILITY = YES;
				GCC_C_LANGUAGE_STANDARD = gnu99;
				GCC_DYNAMIC_NO_PIC = NO;
				GCC_NO_COMMON_BLOCKS = YES;
				GCC_OPTIMIZATION_LEVEL = 0;
				GCC_PREPROCESSOR_DEFINITIONS = (
					"DEBUG=1",
					"$(inherited)",
				);
				GCC_SYMBOLS_PRIVATE_EXTERN = NO;
				GCC_WARN_64_TO_32_BIT_CONVERSION = YES;
				GCC_WARN_ABOUT_RETURN_TYPE = YES_ERROR;
				GCC_WARN_UNDECLARED_SELECTOR = YES;
				GCC_WARN_UNINITIALIZED_AUTOS = YES_AGGRESSIVE;
				GCC_WARN_UNUSED_FUNCTION = YES;
				GCC_WARN_UNUSED_VARIABLE = YES;
				IPHONEOS_DEPLOYMENT_TARGET = 8.4;
				MTL_ENABLE_DEBUG_INFO = YES;
				ONLY_ACTIVE_ARCH = YES;
				SDKROOT = iphoneos;
				SWIFT_OPTIMIZATION_LEVEL = "-Onone";
			};
			name = Debug;
		};
		34346D1B1B7294470063FED4 /* Release */ = {
			isa = XCBuildConfiguration;
			buildSettings = {
				ALWAYS_SEARCH_USER_PATHS = NO;
				CLANG_ANALYZER_LOCALIZABILITY_NONLOCALIZED = YES;
				CLANG_CXX_LANGUAGE_STANDARD = "gnu++0x";
				CLANG_CXX_LIBRARY = "libc++";
				CLANG_ENABLE_MODULES = YES;
				CLANG_ENABLE_OBJC_ARC = YES;
				CLANG_WARN_BOOL_CONVERSION = YES;
				CLANG_WARN_CONSTANT_CONVERSION = YES;
				CLANG_WARN_DIRECT_OBJC_ISA_USAGE = YES_ERROR;
				CLANG_WARN_EMPTY_BODY = YES;
				CLANG_WARN_ENUM_CONVERSION = YES;
				CLANG_WARN_INFINITE_RECURSION = YES;
				CLANG_WARN_INT_CONVERSION = YES;
				CLANG_WARN_OBJC_ROOT_CLASS = YES_ERROR;
				CLANG_WARN_SUSPICIOUS_MOVE = YES;
				CLANG_WARN_UNREACHABLE_CODE = YES;
				CLANG_WARN__DUPLICATE_METHOD_MATCH = YES;
				"CODE_SIGN_IDENTITY[sdk=iphoneos*]" = "iPhone Developer";
				COPY_PHASE_STRIP = NO;
				DEBUG_INFORMATION_FORMAT = "dwarf-with-dsym";
				ENABLE_NS_ASSERTIONS = NO;
				ENABLE_STRICT_OBJC_MSGSEND = YES;
				GCC_C_LANGUAGE_STANDARD = gnu99;
				GCC_NO_COMMON_BLOCKS = YES;
				GCC_WARN_64_TO_32_BIT_CONVERSION = YES;
				GCC_WARN_ABOUT_RETURN_TYPE = YES_ERROR;
				GCC_WARN_UNDECLARED_SELECTOR = YES;
				GCC_WARN_UNINITIALIZED_AUTOS = YES_AGGRESSIVE;
				GCC_WARN_UNUSED_FUNCTION = YES;
				GCC_WARN_UNUSED_VARIABLE = YES;
				IPHONEOS_DEPLOYMENT_TARGET = 8.4;
				MTL_ENABLE_DEBUG_INFO = NO;
				SDKROOT = iphoneos;
				SWIFT_OPTIMIZATION_LEVEL = "-Owholemodule";
				VALIDATE_PRODUCT = YES;
			};
			name = Release;
		};
		34346D1D1B7294470063FED4 /* Debug */ = {
			isa = XCBuildConfiguration;
			buildSettings = {
				ALWAYS_EMBED_SWIFT_STANDARD_LIBRARIES = YES;
				ASSETCATALOG_COMPILER_APPICON_NAME = AppIcon;
				FRAMEWORK_SEARCH_PATHS = "$(inherited)";
				INFOPLIST_FILE = Sample/Info.plist;
				LD_RUNPATH_SEARCH_PATHS = "$(inherited) @executable_path/Frameworks";
				PRODUCT_BUNDLE_IDENTIFIER = "com.roymarmelstein.$(PRODUCT_NAME:rfc1034identifier)";
				PRODUCT_NAME = "$(TARGET_NAME)";
				SWIFT_VERSION = 3.0;
			};
			name = Debug;
		};
		34346D1E1B7294470063FED4 /* Release */ = {
			isa = XCBuildConfiguration;
			buildSettings = {
				ALWAYS_EMBED_SWIFT_STANDARD_LIBRARIES = YES;
				ASSETCATALOG_COMPILER_APPICON_NAME = AppIcon;
				FRAMEWORK_SEARCH_PATHS = "$(inherited)";
				INFOPLIST_FILE = Sample/Info.plist;
				LD_RUNPATH_SEARCH_PATHS = "$(inherited) @executable_path/Frameworks";
				PRODUCT_BUNDLE_IDENTIFIER = "com.roymarmelstein.$(PRODUCT_NAME:rfc1034identifier)";
				PRODUCT_NAME = "$(TARGET_NAME)";
				SWIFT_VERSION = 3.0;
			};
			name = Release;
		};
/* End XCBuildConfiguration section */

/* Begin XCConfigurationList section */
		3426FF971BB6AEE200E8E1BB /* Build configuration list for PBXNativeTarget "SampleTests" */ = {
			isa = XCConfigurationList;
			buildConfigurations = (
				3426FF981BB6AEE200E8E1BB /* Debug */,
				3426FF991BB6AEE200E8E1BB /* Release */,
			);
			defaultConfigurationIsVisible = 0;
			defaultConfigurationName = Release;
		};
		34346CF81B7294470063FED4 /* Build configuration list for PBXProject "Sample" */ = {
			isa = XCConfigurationList;
			buildConfigurations = (
				34346D1A1B7294470063FED4 /* Debug */,
				34346D1B1B7294470063FED4 /* Release */,
			);
			defaultConfigurationIsVisible = 0;
			defaultConfigurationName = Release;
		};
		34346D1C1B7294470063FED4 /* Build configuration list for PBXNativeTarget "Sample" */ = {
			isa = XCConfigurationList;
			buildConfigurations = (
				34346D1D1B7294470063FED4 /* Debug */,
				34346D1E1B7294470063FED4 /* Release */,
			);
			defaultConfigurationIsVisible = 0;
			defaultConfigurationName = Release;
		};
/* End XCConfigurationList section */
	};
	rootObject = 34346CF51B7294470063FED4 /* Project object */;
}
